
Microsoft Visual Studio Solution File, Format Version 12.00
# Visual Studio 15
VisualStudioVersion = 15.0.28307.645
MinimumVisualStudioVersion = 10.0.40219.1
Project("{FAE04EC0-301F-11D3-BF4B-00C04F79EFBC}") = "Context", "Reservation.Data\Context.csproj", "{597ADC49-15D3-48D5-A91F-CBFC959CF9C2}"
EndProject
Project("{FAE04EC0-301F-11D3-BF4B-00C04F79EFBC}") = "Manager", "Manager\Manager.csproj", "{6F5EE0EB-0DB3-4953-BF0A-439BDA2FF5CB}"
EndProject
Project("{FAE04EC0-301F-11D3-BF4B-00C04F79EFBC}") = "EntityModel", "EntityModel\EntityModel.csproj", "{5FE8C7C8-4623-4A4B-B018-BCA47F43E534}"
EndProject
Project("{FAE04EC0-301F-11D3-BF4B-00C04F79EFBC}") = "Data", "Data\Data.csproj", "{1567740C-BD87-4136-ABCE-9F2AB9B17074}"
EndProject
Project("{FAE04EC0-301F-11D3-BF4B-00C04F79EFBC}") = "ReservationWebAPI", "ReservationWebAPI\ReservationWebAPI.csproj", "{AF61E8B4-1329-4C14-AC5A-375E89D91E78}"
EndProject
Global
	GlobalSection(SolutionConfigurationPlatforms) = preSolution
		Debug|Any CPU = Debug|Any CPU
		Release|Any CPU = Release|Any CPU
	EndGlobalSection
	GlobalSection(ProjectConfigurationPlatforms) = postSolution
		{597ADC49-15D3-48D5-A91F-CBFC959CF9C2}.Debug|Any CPU.ActiveCfg = Debug|Any CPU
		{597ADC49-15D3-48D5-A91F-CBFC959CF9C2}.Debug|Any CPU.Build.0 = Debug|Any CPU
		{597ADC49-15D3-48D5-A91F-CBFC959CF9C2}.Release|Any CPU.ActiveCfg = Release|Any CPU
		{597ADC49-15D3-48D5-A91F-CBFC959CF9C2}.Release|Any CPU.Build.0 = Release|Any CPU
		{6F5EE0EB-0DB3-4953-BF0A-439BDA2FF5CB}.Debug|Any CPU.ActiveCfg = Debug|Any CPU
		{6F5EE0EB-0DB3-4953-BF0A-439BDA2FF5CB}.Debug|Any CPU.Build.0 = Debug|Any CPU
		{6F5EE0EB-0DB3-4953-BF0A-439BDA2FF5CB}.Release|Any CPU.ActiveCfg = Release|Any CPU
		{6F5EE0EB-0DB3-4953-BF0A-439BDA2FF5CB}.Release|Any CPU.Build.0 = Release|Any CPU
		{5FE8C7C8-4623-4A4B-B018-BCA47F43E534}.Debug|Any CPU.ActiveCfg = Debug|Any CPU
		{5FE8C7C8-4623-4A4B-B018-BCA47F43E534}.Debug|Any CPU.Build.0 = Debug|Any CPU
		{5FE8C7C8-4623-4A4B-B018-BCA47F43E534}.Release|Any CPU.ActiveCfg = Release|Any CPU
		{5FE8C7C8-4623-4A4B-B018-BCA47F43E534}.Release|Any CPU.Build.0 = Release|Any CPU
		{1567740C-BD87-4136-ABCE-9F2AB9B17074}.Debug|Any CPU.ActiveCfg = Debug|Any CPU
		{1567740C-BD87-4136-ABCE-9F2AB9B17074}.Debug|Any CPU.Build.0 = Debug|Any CPU
		{1567740C-BD87-4136-ABCE-9F2AB9B17074}.Release|Any CPU.ActiveCfg = Release|Any CPU
		{1567740C-BD87-4136-ABCE-9F2AB9B17074}.Release|Any CPU.Build.0 = Release|Any CPU
		{AF61E8B4-1329-4C14-AC5A-375E89D91E78}.Debug|Any CPU.ActiveCfg = Debug|Any CPU
		{AF61E8B4-1329-4C14-AC5A-375E89D91E78}.Debug|Any CPU.Build.0 = Debug|Any CPU
		{AF61E8B4-1329-4C14-AC5A-375E89D91E78}.Release|Any CPU.ActiveCfg = Release|Any CPU
		{AF61E8B4-1329-4C14-AC5A-375E89D91E78}.Release|Any CPU.Build.0 = Release|Any CPU
	EndGlobalSection
	GlobalSection(SolutionProperties) = preSolution
		HideSolutionNode = FALSE
	EndGlobalSection
	GlobalSection(ExtensibilityGlobals) = postSolution
		SolutionGuid = {5E169795-1303-4517-A0EC-09FEF24BD674}
	EndGlobalSection
EndGlobal
